{
  "name": "dsh-desktop-computer-use-runtime",
  "lockfileVersion": 3,
  "requires": true,
  "packages": {
    "": {
      "dependencies": {
        "@trycua/cua-driver": "0.25.0"
      },
      "name": "dsh-desktop-computer-use-runtime",
      "version": "0.1.0"
    },
    "node_modules/@trycua/cua-driver": {
      "version": "0.25.0",
      "resolved": "https://registry.npmjs.org/@trycua/cua-driver/-/cua-driver-0.25.0.tgz",
      "integrity": "sha512-1Neoyz734q6t45lYyzwSeqz/XCCZ0dpHynsZs9B1N3nYmxNcOGGrF60JAsB+yo3ESEyok5VMf40N+iVgh/VERg==",
      "license": "MIT",
      "dependencies": {
        "@ubjs/core": "0.31.0-3",
        "@ubjs/node": "0.31.0-3"
      },
      "optionalDependencies": {
        "@trycua/cua-driver-darwin-arm64": "0.25.0",
        "@trycua/cua-driver-darwin-x64": "0.25.0",
        "@trycua/cua-driver-linux-arm64-gnu": "0.25.0",
        "@trycua/cua-driver-linux-x64-gnu": "0.25.0",
        "@trycua/cua-driver-win32-arm64-msvc": "0.25.0",
        "@trycua/cua-driver-win32-x64-msvc": "0.25.0"
      }
    },
    "node_modules/@trycua/cua-driver-darwin-arm64": {
      "version": "0.25.0",
      "resolved": "https://registry.npmjs.org/@trycua/cua-driver-darwin-arm64/-/cua-driver-darwin-arm64-0.25.0.tgz",
      "integrity": "sha512-lebk9gUU93I5HVGxANyY7k4MB7v+BKgiDShv28irA4BuLPwltem7NgfopmgfqHi5O7eNV/4K5QzPsA12gGk9pA==",
      "cpu": [
        "arm64"
      ],
      "license": "MIT AND MPL-2.0",
      "optional": true,
      "os": [
        "darwin"
      ]
    },
    "node_modules/@trycua/cua-driver-darwin-x64": {
      "version": "0.25.0",
      "resolved": "https://registry.npmjs.org/@trycua/cua-driver-darwin-x64/-/cua-driver-darwin-x64-0.25.0.tgz",
      "integrity": "sha512-sT4lM7JrHilWq5uYCYi6gDJZJCtCBnr/LqgY/gJsxx7O1iLfbOWQHxe9nbhSg1EvHp/c5PLLLqau5uMXIKCaUw==",
      "cpu": [
        "x64"
      ],
      "license": "MIT AND MPL-2.0",
      "optional": true,
      "os": [
        "darwin"
      ]
    },
    "node_modules/@trycua/cua-driver-linux-arm64-gnu": {
      "version": "0.25.0",
      "resolved": "https://registry.npmjs.org/@trycua/cua-driver-linux-arm64-gnu/-/cua-driver-linux-arm64-gnu-0.25.0.tgz",
      "integrity": "sha512-HZldVZjTiqmSxtQZ0D2t5s4Bhc3Ptzm4HWjPKGLhifyb1rwlbNZzR64bTaXt4RgH3H+jtA6oaTGXKR8MOQosHg==",
      "cpu": [
        "arm64"
      ],
      "libc": [
        "glibc"
      ],
      "license": "MIT AND MPL-2.0",
      "optional": true,
      "os": [
        "linux"
      ]
    },
    "node_modules/@trycua/cua-driver-linux-x64-gnu": {
      "version": "0.25.0",
      "resolved": "https://registry.npmjs.org/@trycua/cua-driver-linux-x64-gnu/-/cua-driver-linux-x64-gnu-0.25.0.tgz",
      "integrity": "sha512-51IoqPkUAd76TALrTG99wvpzYvkt1Ndyz+a6SRoPNyiuVQSbF9WkNROKwbhAhsXrboBlUBRF5gzA4VdKYZNpxw==",
      "cpu": [
        "x64"
      ],
      "libc": [
        "glibc"
      ],
      "license": "MIT AND MPL-2.0",
      "optional": true,
      "os": [
        "linux"
      ]
    },
    "node_modules/@trycua/cua-driver-win32-arm64-msvc": {
      "version": "0.25.0",
      "resolved": "https://registry.npmjs.org/@trycua/cua-driver-win32-arm64-msvc/-/cua-driver-win32-arm64-msvc-0.25.0.tgz",
      "integrity": "sha512-FHRT9x/1EKSyE6FrbRsNdJ0fQ3LDjEeXhN8CfrVpYSRqMN47WbrovVk9TAkRpVr8dDI9K1rVuCTDl8YQhZOdOQ==",
      "cpu": [
        "arm64"
      ],
      "license": "MIT AND MPL-2.0",
      "optional": true,
      "os": [
        "win32"
      ]
    },
    "node_modules/@trycua/cua-driver-win32-x64-msvc": {
      "version": "0.25.0",
      "resolved": "https://registry.npmjs.org/@trycua/cua-driver-win32-x64-msvc/-/cua-driver-win32-x64-msvc-0.25.0.tgz",
      "integrity": "sha512-ZMsaKgD+m8p1T3pWseDJ1W4KZl6Res6tsY1OM/HbDczeB4ppCYySCQtxgXEeJbi+ee3G3WZM+5hWC80Zf0JWJg==",
      "cpu": [
        "x64"
      ],
      "license": "MIT AND MPL-2.0",
      "optional": true,
      "os": [
        "win32"
      ]
    },
    "node_modules/@ubjs/core": {
      "version": "0.31.0-3",
      "resolved": "https://registry.npmjs.org/@ubjs/core/-/core-0.31.0-3.tgz",
      "integrity": "sha512-39XrJgUZ2VVb561sSnkXPhczNoeBsNiSRArecsV0JE7CJq69ajFkcn9/tBAUS2NpgHkLIDU+z6Ks2+1wXnboxg==",
      "license": "MPL-2.0"
    },
    "node_modules/@ubjs/node": {
      "version": "0.31.0-3",
      "resolved": "https://registry.npmjs.org/@ubjs/node/-/node-0.31.0-3.tgz",
      "integrity": "sha512-qNMpi2LICNwxGXZyRF8fSDBSpbezyZbEsydrbiMPJOmtOWr4tmZIEl7jkWGHVGShoBvHfFo4eHp5B4UVP928Cg==",
      "license": "MPL-2.0",
      "optionalDependencies": {
        "@ubjs/node-darwin-arm64": "0.31.0-3",
        "@ubjs/node-darwin-x64": "0.31.0-3",
        "@ubjs/node-linux-arm64-gnu": "0.31.0-3",
        "@ubjs/node-linux-arm64-musl": "0.31.0-3",
        "@ubjs/node-linux-x64-gnu": "0.31.0-3",
        "@ubjs/node-linux-x64-musl": "0.31.0-3",
        "@ubjs/node-win32-arm64-msvc": "0.31.0-3",
        "@ubjs/node-win32-x64-msvc": "0.31.0-3"
      }
    },
    "node_modules/@ubjs/node-darwin-arm64": {
      "version": "0.31.0-3",
      "resolved": "https://registry.npmjs.org/@ubjs/node-darwin-arm64/-/node-darwin-arm64-0.31.0-3.tgz",
      "integrity": "sha512-GGQVPLkVo4Gc8qVLW4IGvS8bjl8eHXyeP4a97ntGmsAdXwE5gsS29o8xUEFROjhwHKD+9sgVeblCSWVG3CpHsw==",
      "cpu": [
        "arm64"
      ],
      "license": "MPL-2.0",
      "optional": true,
      "os": [
        "darwin"
      ]
    },
    "node_modules/@ubjs/node-darwin-x64": {
      "version": "0.31.0-3",
      "resolved": "https://registry.npmjs.org/@ubjs/node-darwin-x64/-/node-darwin-x64-0.31.0-3.tgz",
      "integrity": "sha512-2sc47u4XFYOsbmP5EW+Gx8m/yGrYnfFDFQm6+kz7goSWTNg84eEiz3COs9HKJDVuNJ5Khv5XipTO8CFadMLXCw==",
      "cpu": [
        "x64"
      ],
      "license": "MPL-2.0",
      "optional": true,
      "os": [
        "darwin"
      ]
    },
    "node_modules/@ubjs/node-linux-arm64-gnu": {
      "version": "0.31.0-3",
      "resolved": "https://registry.npmjs.org/@ubjs/node-linux-arm64-gnu/-/node-linux-arm64-gnu-0.31.0-3.tgz",
      "integrity": "sha512-YStVXhYz/5jvlWf/p4fhiVT72unYAbGugifFC9QmO/+hnroQDAQ5t8SARbsc15G4olMcamdIB+GETiUB7gmaYg==",
      "cpu": [
        "arm64"
      ],
      "libc": [
        "glibc"
      ],
      "license": "MPL-2.0",
      "optional": true,
      "os": [
        "linux"
      ]
    },
    "node_modules/@ubjs/node-linux-arm64-musl": {
      "version": "0.31.0-3",
      "resolved": "https://registry.npmjs.org/@ubjs/node-linux-arm64-musl/-/node-linux-arm64-musl-0.31.0-3.tgz",
      "integrity": "sha512-Izp4nvfy/LmibzFowAztkoDOksCR2fb2zl6fh1ojR1HEsg0rAGruxtI8d3fn8DI0lBXwqmn6SF///oD4mFNJPQ==",
      "cpu": [
        "arm64"
      ],
      "libc": [
        "musl"
      ],
      "license": "MPL-2.0",
      "optional": true,
      "os": [
        "linux"
      ]
    },
    "node_modules/@ubjs/node-linux-x64-gnu": {
      "version": "0.31.0-3",
      "resolved": "https://registry.npmjs.org/@ubjs/node-linux-x64-gnu/-/node-linux-x64-gnu-0.31.0-3.tgz",
      "integrity": "sha512-Xdm21blyg5U/kW6s7OMvgrr8coGTkUlt26DVR9x8gKISif+E3YwdEskbFScWqystAiJnfjw7xHEc8UMu0Qlz7Q==",
      "cpu": [
        "x64"
      ],
      "libc": [
        "glibc"
      ],
      "license": "MPL-2.0",
      "optional": true,
      "os": [
        "linux"
      ]
    },
    "node_modules/@ubjs/node-linux-x64-musl": {
      "version": "0.31.0-3",
      "resolved": "https://registry.npmjs.org/@ubjs/node-linux-x64-musl/-/node-linux-x64-musl-0.31.0-3.tgz",
      "integrity": "sha512-fFQ9BWS6i2LUH9SJgD9oEiKXXo/say59vHy7usFe1t7C2xvwvP34f5SuxXmWP9R8fHyA0aC4kIZ+TTwyHSv1Kw==",
      "cpu": [
        "x64"
      ],
      "libc": [
        "musl"
      ],
      "license": "MPL-2.0",
      "optional": true,
      "os": [
        "linux"
      ]
    },
    "node_modules/@ubjs/node-win32-arm64-msvc": {
      "version": "0.31.0-3",
      "resolved": "https://registry.npmjs.org/@ubjs/node-win32-arm64-msvc/-/node-win32-arm64-msvc-0.31.0-3.tgz",
      "integrity": "sha512-ID6rSz1NmPsWTNBBNAw4OnJ5Dj8pcbtNJtdPB3OxcGigLBd/e0x7buhSI7os6Mo5iYtEdCynBRQHFJwub5XSPg==",
      "cpu": [
        "arm64"
      ],
      "license": "MPL-2.0",
      "optional": true,
      "os": [
        "win32"
      ]
    },
    "node_modules/@ubjs/node-win32-x64-msvc": {
      "version": "0.31.0-3",
      "resolved": "https://registry.npmjs.org/@ubjs/node-win32-x64-msvc/-/node-win32-x64-msvc-0.31.0-3.tgz",
      "integrity": "sha512-wevs+Y+szwcCUT8IJFbB4/1nfxyRv/51l8oG7FGUPWD1xLPyuHfJBG27C+PDeC7KRzes/2n6aLo4DGZbr/LYTw==",
      "cpu": [
        "x64"
      ],
      "license": "MPL-2.0",
      "optional": true,
      "os": [
        "win32"
      ]
    }
  },
  "version": "0.1.0"
}
